
Microsoft Visual Studio Solution File, Format Version 12.00
# Visual Studio 2013
VisualStudioVersion = 12.0.31101.0
MinimumVisualStudioVersion = 10.0.40219.1
Project("{FAE04EC0-301F-11D3-BF4B-00C04F79EFBC}") = "XiyouMobileFoundation", "XiyouMobileFoundation\XiyouMobileFoundation.csproj", "{59865EA1-625B-4CBE-A73F-E2488BAC8C15}"
EndProject
Project("{FAE04EC0-301F-11D3-BF4B-00C04F79EFBC}") = "XiyouMobileFoundation.Mvc", "XiyouMobileFoundation\XiyouMobileFoundation.Mvc\XiyouMobileFoundation.Mvc.csproj", "{66208F79-2BCD-46FC-A2DC-956D5965B590}"
EndProject
Project("{2150E333-8FDC-42A3-9474-1A3956D46DE8}") = "Solution Items", "Solution Items", "{55EDEC2D-FF34-4EB1-B6C5-B2A49056DFA4}"
	ProjectSection(SolutionItems) = preProject
		README.md = README.md
	EndProjectSection
EndProject
Global
	GlobalSection(SolutionConfigurationPlatforms) = preSolution
		Debug|Any CPU = Debug|Any CPU
		Release|Any CPU = Release|Any CPU
	EndGlobalSection
	GlobalSection(ProjectConfigurationPlatforms) = postSolution
		{59865EA1-625B-4CBE-A73F-E2488BAC8C15}.Debug|Any CPU.ActiveCfg = Debug|Any CPU
		{59865EA1-625B-4CBE-A73F-E2488BAC8C15}.Debug|Any CPU.Build.0 = Debug|Any CPU
		{59865EA1-625B-4CBE-A73F-E2488BAC8C15}.Release|Any CPU.ActiveCfg = Release|Any CPU
		{59865EA1-625B-4CBE-A73F-E2488BAC8C15}.Release|Any CPU.Build.0 = Release|Any CPU
		{66208F79-2BCD-46FC-A2DC-956D5965B590}.Debug|Any CPU.ActiveCfg = Debug|Any CPU
		{66208F79-2BCD-46FC-A2DC-956D5965B590}.Debug|Any CPU.Build.0 = Debug|Any CPU
		{66208F79-2BCD-46FC-A2DC-956D5965B590}.Release|Any CPU.ActiveCfg = Release|Any CPU
		{66208F79-2BCD-46FC-A2DC-956D5965B590}.Release|Any CPU.Build.0 = Release|Any CPU
	EndGlobalSection
	GlobalSection(SolutionProperties) = preSolution
		HideSolutionNode = FALSE
	EndGlobalSection
EndGlobal
